Microsoft Visual Studio Solution File, Format Version 12.00
# Visual Studio Version 17
VisualStudioVersion = 17.5.2.0
MinimumVisualStudioVersion = 10.0.40219.1
Project("{FAE04EC0-301F-11D3-BF4B-00C04F79EFBC}") = "Lesson02", "Lesson02\Lesson02.csproj", "{A6F90E26-CD13-62DE-D3FD-B00E0223B32C}"
EndProject
Global
	GlobalSection(SolutionConfigurationPlatforms) = preSolution
		Debug|Any CPU = Debug|Any CPU
		Release|Any CPU = Release|Any CPU
	EndGlobalSection
	GlobalSection(ProjectConfigurationPlatforms) = postSolution
		{A6F90E26-CD13-62DE-D3FD-B00E0223B32C}.Debug|Any CPU.ActiveCfg = Debug|Any CPU
		{A6F90E26-CD13-62DE-D3FD-B00E0223B32C}.Debug|Any CPU.Build.0 = Debug|Any CPU
		{A6F90E26-CD13-62DE-D3FD-B00E0223B32C}.Release|Any CPU.ActiveCfg = Release|Any CPU
		{A6F90E26-CD13-62DE-D3FD-B00E0223B32C}.Release|Any CPU.Build.0 = Release|Any CPU
	EndGlobalSection
	GlobalSection(SolutionProperties) = preSolution
		HideSolutionNode = FALSE
	EndGlobalSection
	GlobalSection(ExtensibilityGlobals) = postSolution
		SolutionGuid = {54C3283E-EEE7-4A8B-A575-66D3FFFA60BD}
	EndGlobalSection
EndGlobal
